
Microsoft Visual Studio Solution File, Format Version 12.00
# Visual Studio Version 17
VisualStudioVersion = 17.0.31903.59
MinimumVisualStudioVersion = 10.0.40219.1
Project("{FAE04EC0-301F-11D3-BF4B-00C04F79EFBC}") = "teste-tecnico-api-pagamentos", "teste-tecnico-api-pagamentos.csproj", "{A0C36C5C-4B28-4145-9531-F218FE2B7AA1}"
EndProject
Project("{FAE04EC0-301F-11D3-BF4B-00C04F79EFBC}") = "apiPagamentosTestes", "Testes\apiPagamentosTestes.csproj", "{475E20D3-9BB1-4324-9ABE-56241D2C9AFF}"
EndProject
Global
	GlobalSection(SolutionConfigurationPlatforms) = preSolution
		Debug|Any CPU = Debug|Any CPU
		Release|Any CPU = Release|Any CPU
	EndGlobalSection
	GlobalSection(SolutionProperties) = preSolution
		HideSolutionNode = FALSE
	EndGlobalSection
	GlobalSection(ProjectConfigurationPlatforms) = postSolution
		{A0C36C5C-4B28-4145-9531-F218FE2B7AA1}.Debug|Any CPU.ActiveCfg = Debug|Any CPU
		{A0C36C5C-4B28-4145-9531-F218FE2B7AA1}.Debug|Any CPU.Build.0 = Debug|Any CPU
		{A0C36C5C-4B28-4145-9531-F218FE2B7AA1}.Release|Any CPU.ActiveCfg = Release|Any CPU
		{A0C36C5C-4B28-4145-9531-F218FE2B7AA1}.Release|Any CPU.Build.0 = Release|Any CPU
		{475E20D3-9BB1-4324-9ABE-56241D2C9AFF}.Debug|Any CPU.ActiveCfg = Debug|Any CPU
		{475E20D3-9BB1-4324-9ABE-56241D2C9AFF}.Debug|Any CPU.Build.0 = Debug|Any CPU
		{475E20D3-9BB1-4324-9ABE-56241D2C9AFF}.Release|Any CPU.ActiveCfg = Release|Any CPU
		{475E20D3-9BB1-4324-9ABE-56241D2C9AFF}.Release|Any CPU.Build.0 = Release|Any CPU
	EndGlobalSection
EndGlobal
